// !$*UTF8*$!
{
	archiveVersion = 1;
	classes = {
	};
	objectVersion = 50;
	objects = {

/* Begin PBXBuildFile section */
		CF78E79927484EB200621FA7 /* MakingPodTests.swift in Sources */ = {isa = PBXBuildFile; fileRef = CF78E79827484EB200621FA7 /* MakingPodTests.swift */; };
		CF78E7CF27484FF800621FA7 /* UIButton+Extension.swift in Sources */ = {isa = PBXBuildFile; fileRef = CF78E7CE27484FF800621FA7 /* UIButton+Extension.swift */; };
		CFA8FE8F274C16D700A502AC /* MakingPodViewController.swift in Sources */ = {isa = PBXBuildFile; fileRef = CFA8FE8E274C16D600A502AC /* MakingPodViewController.swift */; };
		CFA8FE91274C16E200A502AC /* MakingPodViewModel.swift in Sources */ = {isa = PBXBuildFile; fileRef = CFA8FE90274C16E200A502AC /* MakingPodViewModel.swift */; };
		CFA8FE93274C16EE00A502AC /* MakingPodViewModelProtocol.swift in Sources */ = {isa = PBXBuildFile; fileRef = CFA8FE92274C16EE00A502AC /* MakingPodViewModelProtocol.swift */; };
		CFA8FE95274C171B00A502AC /* MakingPodView.swift in Sources */ = {isa = PBXBuildFile; fileRef = CFA8FE94274C171B00A502AC /* MakingPodView.swift */; };
		CFA8FE98274C1AB500A502AC /* MakingPodViewBuilder.swift in Sources */ = {isa = PBXBuildFile; fileRef = CFA8FE97274C1AB400A502AC /* MakingPodViewBuilder.swift */; };
		CFA8FE9A274C1C1500A502AC /* MakingPodDTO.swift in Sources */ = {isa = PBXBuildFile; fileRef = CFA8FE99274C1C1500A502AC /* MakingPodDTO.swift */; };
/* End PBXBuildFile section */

/* Begin PBXContainerItemProxy section */
		CF78E79527484EB200621FA7 /* PBXContainerItemProxy */ = {
			isa = PBXContainerItemProxy;
			containerPortal = CF78E78127484EB200621FA7 /* Project object */;
			proxyType = 1;
			remoteGlobalIDString = CF78E78927484EB200621FA7;
			remoteInfo = MakingPod;
		};
		CF78E7C827484EE100621FA7 /* PBXContainerItemProxy */ = {
			isa = PBXContainerItemProxy;
			containerPortal = CF78E7C427484EE000621FA7 /* SamplePod.xcodeproj */;
			proxyType = 2;
			remoteGlobalIDString = CF78E7AD27484EE000621FA7;
			remoteInfo = SamplePod;
		};
/* End PBXContainerItemProxy section */

/* Begin PBXFileReference section */
		CF78E78E27484EB200621FA7 /* Info.plist */ = {isa = PBXFileReference; lastKnownFileType = text.plist.xml; path = Info.plist; sourceTree = "<group>"; };
		CF78E79827484EB200621FA7 /* MakingPodTests.swift */ = {isa = PBXFileReference; lastKnownFileType = sourcecode.swift; path = MakingPodTests.swift; sourceTree = "<group>"; };
		CF78E79A27484EB200621FA7 /* Info.plist */ = {isa = PBXFileReference; lastKnownFileType = text.plist.xml; path = Info.plist; sourceTree = "<group>"; };
		CF78E7C427484EE000621FA7 /* SamplePod.xcodeproj */ = {isa = PBXFileReference; lastKnownFileType = "wrapper.pb-project"; name = SamplePod.xcodeproj; path = SamplePod/SamplePod.xcodeproj; sourceTree = "<group>"; };
		CF78E7CE27484FF800621FA7 /* UIButton+Extension.swift */ = {isa = PBXFileReference; lastKnownFileType = sourcecode.swift; path = "UIButton+Extension.swift"; sourceTree = "<group>"; };
		CF78E7D1274854F200621FA7 /* MakingPod.framework */ = {isa = PBXFileReference; explicitFileType = wrapper.framework; includeInIndex = 0; path = MakingPod.framework; sourceTree = BUILT_PRODUCTS_DIR; };
		CFA8FE8C274C0B6F00A502AC /* MakingPodTests.xctest */ = {isa = PBXFileReference; explicitFileType = wrapper.cfbundle; includeInIndex = 0; path = MakingPodTests.xctest; sourceTree = BUILT_PRODUCTS_DIR; };
		CFA8FE8E274C16D600A502AC /* MakingPodViewController.swift */ = {isa = PBXFileReference; lastKnownFileType = sourcecode.swift; path = MakingPodViewController.swift; sourceTree = "<group>"; };
		CFA8FE90274C16E200A502AC /* MakingPodViewModel.swift */ = {isa = PBXFileReference; lastKnownFileType = sourcecode.swift; path = MakingPodViewModel.swift; sourceTree = "<group>"; };
		CFA8FE92274C16EE00A502AC /* MakingPodViewModelProtocol.swift */ = {isa = PBXFileReference; lastKnownFileType = sourcecode.swift; path = MakingPodViewModelProtocol.swift; sourceTree = "<group>"; };
		CFA8FE94274C171B00A502AC /* MakingPodView.swift */ = {isa = PBXFileReference; lastKnownFileType = sourcecode.swift; path = MakingPodView.swift; sourceTree = "<group>"; };
		CFA8FE97274C1AB400A502AC /* MakingPodViewBuilder.swift */ = {isa = PBXFileReference; lastKnownFileType = sourcecode.swift; path = MakingPodViewBuilder.swift; sourceTree = "<group>"; };
		CFA8FE99274C1C1500A502AC /* MakingPodDTO.swift */ = {isa = PBXFileReference; lastKnownFileType = sourcecode.swift; path = MakingPodDTO.swift; sourceTree = "<group>"; };
/* End PBXFileReference section */

/* Begin PBXFrameworksBuildPhase section */
		CF78E78727484EB200621FA7 /* Frameworks */ = {
			isa = PBXFrameworksBuildPhase;
			buildActionMask = 2147483647;
			files = (
			);
			runOnlyForDeploymentPostprocessing = 0;
		};
		CF78E79027484EB200621FA7 /* Frameworks */ = {
			isa = PBXFrameworksBuildPhase;
			buildActionMask = 2147483647;
			files = (
			);
			runOnlyForDeploymentPostprocessing = 0;
		};
/* End PBXFrameworksBuildPhase section */

/* Begin PBXGroup section */
		CF78E78027484EB200621FA7 = {
			isa = PBXGroup;
			children = (
				CF78E78C27484EB200621FA7 /* MakingPod */,
				CF78E79727484EB200621FA7 /* MakingPodTests */,
				CF78E7C427484EE000621FA7 /* SamplePod.xcodeproj */,
				CF78E7D1274854F200621FA7 /* MakingPod.framework */,
				CFA8FE8C274C0B6F00A502AC /* MakingPodTests.xctest */,
			);
			sourceTree = "<group>";
		};
		CF78E78C27484EB200621FA7 /* MakingPod */ = {
			isa = PBXGroup;
			children = (
				CFA8FE96274C173500A502AC /* MakingPodView */,
				CF78E78E27484EB200621FA7 /* Info.plist */,
				CF78E7CE27484FF800621FA7 /* UIButton+Extension.swift */,
			);
			path = MakingPod;
			sourceTree = "<group>";
		};
		CF78E79727484EB200621FA7 /* MakingPodTests */ = {
			isa = PBXGroup;
			children = (
				CF78E79827484EB200621FA7 /* MakingPodTests.swift */,
				CF78E79A27484EB200621FA7 /* Info.plist */,
			);
			path = MakingPodTests;
			sourceTree = "<group>";
		};
		CF78E7C527484EE000621FA7 /* Products */ = {
			isa = PBXGroup;
			children = (
				CF78E7C927484EE100621FA7 /* SamplePod.app */,
			);
			name = Products;
			sourceTree = "<group>";
		};
		CFA8FE96274C173500A502AC /* MakingPodView */ = {
			isa = PBXGroup;
			children = (
				CFA8FE8E274C16D600A502AC /* MakingPodViewController.swift */,
				CFA8FE90274C16E200A502AC /* MakingPodViewModel.swift */,
				CFA8FE92274C16EE00A502AC /* MakingPodViewModelProtocol.swift */,
				CFA8FE94274C171B00A502AC /* MakingPodView.swift */,
				CFA8FE97274C1AB400A502AC /* MakingPodViewBuilder.swift */,
				CFA8FE99274C1C1500A502AC /* MakingPodDTO.swift */,
			);
			path = MakingPodView;
			sourceTree = "<group>";
		};
/* End PBXGroup section */

/* Begin PBXHeadersBuildPhase section */
		CF78E78527484EB200621FA7 /* Headers */ = {
			isa = PBXHeadersBuildPhase;
			buildActionMask = 2147483647;
			files = (
			);
			runOnlyForDeploymentPostprocessing = 0;
		};
/* End PBXHeadersBuildPhase section */

/* Begin PBXNativeTarget section */
		CF78E78927484EB200621FA7 /* MakingPod */ = {
			isa = PBXNativeTarget;
			buildConfigurationList = CF78E79E27484EB200621FA7 /* Build configuration list for PBXNativeTarget "MakingPod" */;
			buildPhases = (
				CF78E78527484EB200621FA7 /* Headers */,
				CF78E78627484EB200621FA7 /* Sources */,
				CF78E78727484EB200621FA7 /* Frameworks */,
				CF78E78827484EB200621FA7 /* Resources */,
			);
			buildRules = (
			);
			dependencies = (
			);
			name = MakingPod;
			productName = MakingPod;
			productReference = CF78E7D1274854F200621FA7 /* MakingPod.framework */;
			productType = "com.apple.product-type.framework";
		};
		CF78E79227484EB200621FA7 /* MakingPodTests */ = {
			isa = PBXNativeTarget;
			buildConfigurationList = CF78E7A127484EB200621FA7 /* Build configuration list for PBXNativeTarget "MakingPodTests" */;
			buildPhases = (
				734ECE3AD1893EFAF69E8B66 /* [CP] Check Pods Manifest.lock */,
				CF78E78F27484EB200621FA7 /* Sources */,
				CF78E79027484EB200621FA7 /* Frameworks */,
				CF78E79127484EB200621FA7 /* Resources */,
			);
			buildRules = (
			);
			dependencies = (
				CF78E79627484EB200621FA7 /* PBXTargetDependency */,
			);
			name = MakingPodTests;
			productName = MakingPodTests;
			productReference = CFA8FE8C274C0B6F00A502AC /* MakingPodTests.xctest */;
			productType = "com.apple.product-type.bundle.unit-test";
		};
/* End PBXNativeTarget section */

/* Begin PBXProject section */
		CF78E78127484EB200621FA7 /* Project object */ = {
			isa = PBXProject;
			attributes = {
				LastSwiftUpdateCheck = 1250;
				LastUpgradeCheck = 1250;
				TargetAttributes = {
					CF78E78927484EB200621FA7 = {
						CreatedOnToolsVersion = 12.5.1;
						LastSwiftMigration = 1250;
					};
					CF78E79227484EB200621FA7 = {
						CreatedOnToolsVersion = 12.5.1;
					};
				};
			};
			buildConfigurationList = CF78E78427484EB200621FA7 /* Build configuration list for PBXProject "MakingPod" */;
			compatibilityVersion = "Xcode 9.3";
			developmentRegion = en;
			hasScannedForEncodings = 0;
			knownRegions = (
				en,
				Base,
			);
			mainGroup = CF78E78027484EB200621FA7;
			productRefGroup = CF78E78027484EB200621FA7;
			projectDirPath = "";
			projectReferences = (
				{
					ProductGroup = CF78E7C527484EE000621FA7 /* Products */;
					ProjectRef = CF78E7C427484EE000621FA7 /* SamplePod.xcodeproj */;
				},
			);
			projectRoot = "";
			targets = (
				CF78E78927484EB200621FA7 /* MakingPod */,
				CF78E79227484EB200621FA7 /* MakingPodTests */,
			);
		};
/* End PBXProject section */

/* Begin PBXReferenceProxy section */
		CF78E7C927484EE100621FA7 /* SamplePod.app */ = {
			isa = PBXReferenceProxy;
			fileType = wrapper.application;
			path = SamplePod.app;
			remoteRef = CF78E7C827484EE100621FA7 /* PBXContainerItemProxy */;
			sourceTree = BUILT_PRODUCTS_DIR;
		};
/* End PBXReferenceProxy section */

/* Begin PBXResourcesBuildPhase section */
		CF78E78827484EB200621FA7 /* Resources */ = {
			isa = PBXResourcesBuildPhase;
			buildActionMask = 2147483647;
			files = (
			);
			runOnlyForDeploymentPostprocessing = 0;
		};
		CF78E79127484EB200621FA7 /* Resources */ = {
			isa = PBXResourcesBuildPhase;
			buildActionMask = 2147483647;
			files = (
			);
			runOnlyForDeploymentPostprocessing = 0;
		};
/* End PBXResourcesBuildPhase section */

/* Begin PBXShellScriptBuildPhase section */
		734ECE3AD1893EFAF69E8B66 /* [CP] Check Pods Manifest.lock */ = {
			isa = PBXShellScriptBuildPhase;
			buildActionMask = 2147483647;
			files = (
			);
			inputFileListPaths = (
			);
			inputPaths = (
				"${PODS_PODFILE_DIR_PATH}/Podfile.lock",
				"${PODS_ROOT}/Manifest.lock",
			);
			name = "[CP] Check Pods Manifest.lock";
			outputFileListPaths = (
			);
			outputPaths = (
				"$(DERIVED_FILE_DIR)/Pods-MakingPod-MakingPodTests-checkManifestLockResult.txt",
			);
			runOnlyForDeploymentPostprocessing = 0;
			shellPath = /bin/sh;
			shellScript = "diff \"${PODS_PODFILE_DIR_PATH}/Podfile.lock\" \"${PODS_ROOT}/Manifest.lock\" > /dev/null\nif [ $? != 0 ] ; then\n    # print error to STDERR\n    echo \"error: The sandbox is not in sync with the Podfile.lock. Run 'pod install' or update your CocoaPods installation.\" >&2\n    exit 1\nfi\n# This output is used by Xcode 'outputs' to avoid re-running this script phase.\necho \"SUCCESS\" > \"${SCRIPT_OUTPUT_FILE_0}\"\n";
			showEnvVarsInLog = 0;
		};
/* End PBXShellScriptBuildPhase section */

/* Begin PBXSourcesBuildPhase section */
		CF78E78627484EB200621FA7 /* Sources */ = {
			isa = PBXSourcesBuildPhase;
			buildActionMask = 2147483647;
			files = (
				CFA8FE91274C16E200A502AC /* MakingPodViewModel.swift in Sources */,
				CF78E7CF27484FF800621FA7 /* UIButton+Extension.swift in Sources */,
				CFA8FE93274C16EE00A502AC /* MakingPodViewModelProtocol.swift in Sources */,
				CFA8FE8F274C16D700A502AC /* MakingPodViewController.swift in Sources */,
				CFA8FE95274C171B00A502AC /* MakingPodView.swift in Sources */,
				CFA8FE98274C1AB500A502AC /* MakingPodViewBuilder.swift in Sources */,
				CFA8FE9A274C1C1500A502AC /* MakingPodDTO.swift in Sources */,
			);
			runOnlyForDeploymentPostprocessing = 0;
		};
		CF78E78F27484EB200621FA7 /* Sources */ = {
			isa = PBXSourcesBuildPhase;
			buildActionMask = 2147483647;
			files = (
				CF78E79927484EB200621FA7 /* MakingPodTests.swift in Sources */,
			);
			runOnlyForDeploymentPostprocessing = 0;
		};
/* End PBXSourcesBuildPhase section */

/* Begin PBXTargetDependency section */
		CF78E79627484EB200621FA7 /* PBXTargetDependency */ = {
			isa = PBXTargetDependency;
			target = CF78E78927484EB200621FA7 /* MakingPod */;
			targetProxy = CF78E79527484EB200621FA7 /* PBXContainerItemProxy */;
		};
/* End PBXTargetDependency section */

/* Begin XCBuildConfiguration section */
		CF78E79C27484EB200621FA7 /* Debug */ = {
			isa = XCBuildConfiguration;
			buildSettings = {
				ALWAYS_SEARCH_USER_PATHS = NO;
				CLANG_ANALYZER_NONNULL = YES;
				CLANG_ANALYZER_NUMBER_OBJECT_CONVERSION = YES_AGGRESSIVE;
				CLANG_CXX_LANGUAGE_STANDARD = "gnu++14";
				CLANG_CXX_LIBRARY = "libc++";
				CLANG_ENABLE_MODULES = YES;
				CLANG_ENABLE_OBJC_ARC = YES;
				CLANG_ENABLE_OBJC_WEAK = YES;
				CLANG_WARN_BLOCK_CAPTURE_AUTORELEASING = YES;
				CLANG_WARN_BOOL_CONVERSION = YES;
				CLANG_WARN_COMMA = YES;
				CLANG_WARN_CONSTANT_CONVERSION = YES;
				CLANG_WARN_DEPRECATED_OBJC_IMPLEMENTATIONS = YES;
				CLANG_WARN_DIRECT_OBJC_ISA_USAGE = YES_ERROR;
				CLANG_WARN_DOCUMENTATION_COMMENTS = YES;
				CLANG_WARN_EMPTY_BODY = YES;
				CLANG_WARN_ENUM_CONVERSION = YES;
				CLANG_WARN_INFINITE_RECURSION = YES;
				CLANG_WARN_INT_CONVERSION = YES;
				CLANG_WARN_NON_LITERAL_NULL_CONVERSION = YES;
				CLANG_WARN_OBJC_IMPLICIT_RETAIN_SELF = YES;
				CLANG_WARN_OBJC_LITERAL_CONVERSION = YES;
				CLANG_WARN_OBJC_ROOT_CLASS = YES_ERROR;
				CLANG_WARN_QUOTED_INCLUDE_IN_FRAMEWORK_HEADER = YES;
				CLANG_WARN_RANGE_LOOP_ANALYSIS = YES;
				CLANG_WARN_STRICT_PROTOTYPES = YES;
				CLANG_WARN_SUSPICIOUS_MOVE = YES;
				CLANG_WARN_UNGUARDED_AVAILABILITY = YES_AGGRESSIVE;
				CLANG_WARN_UNREACHABLE_CODE = YES;
				CLANG_WARN__DUPLICATE_METHOD_MATCH = YES;
				COPY_PHASE_STRIP = NO;
				CURRENT_PROJECT_VERSION = 1;
				DEBUG_INFORMATION_FORMAT = dwarf;
				ENABLE_STRICT_OBJC_MSGSEND = YES;
				ENABLE_TESTABILITY = YES;
				GCC_C_LANGUAGE_STANDARD = gnu11;
				GCC_DYNAMIC_NO_PIC = NO;
				GCC_NO_COMMON_BLOCKS = YES;
				GCC_OPTIMIZATION_LEVEL = 0;
				GCC_PREPROCESSOR_DEFINITIONS = (
					"DEBUG=1",
					"$(inherited)",
				);
				GCC_WARN_64_TO_32_BIT_CONVERSION = YES;
				GCC_WARN_ABOUT_RETURN_TYPE = YES_ERROR;
				GCC_WARN_UNDECLARED_SELECTOR = YES;
				GCC_WARN_UNINITIALIZED_AUTOS = YES_AGGRESSIVE;
				GCC_WARN_UNUSED_FUNCTION = YES;
				GCC_WARN_UNUSED_VARIABLE = YES;
				IPHONEOS_DEPLOYMENT_TARGET = 14.5;
				MTL_ENABLE_DEBUG_INFO = INCLUDE_SOURCE;
				MTL_FAST_MATH = YES;
				ONLY_ACTIVE_ARCH = YES;
				SDKROOT = iphoneos;
				SWIFT_ACTIVE_COMPILATION_CONDITIONS = DEBUG;
				SWIFT_OPTIMIZATION_LEVEL = "-Onone";
				VERSIONING_SYSTEM = "apple-generic";
				VERSION_INFO_PREFIX = "";
			};
			name = Debug;
		};
		CF78E79D27484EB200621FA7 /* Release */ = {
			isa = XCBuildConfiguration;
			buildSettings = {
				ALWAYS_SEARCH_USER_PATHS = NO;
				CLANG_ANALYZER_NONNULL = YES;
				CLANG_ANALYZER_NUMBER_OBJECT_CONVERSION = YES_AGGRESSIVE;
				CLANG_CXX_LANGUAGE_STANDARD = "gnu++14";
				CLANG_CXX_LIBRARY = "libc++";
				CLANG_ENABLE_MODULES = YES;
				CLANG_ENABLE_OBJC_ARC = YES;
				CLANG_ENABLE_OBJC_WEAK = YES;
				CLANG_WARN_BLOCK_CAPTURE_AUTORELEASING = YES;
				CLANG_WARN_BOOL_CONVERSION = YES;
				CLANG_WARN_COMMA = YES;
				CLANG_WARN_CONSTANT_CONVERSION = YES;
				CLANG_WARN_DEPRECATED_OBJC_IMPLEMENTATIONS = YES;
				CLANG_WARN_DIRECT_OBJC_ISA_USAGE = YES_ERROR;
				CLANG_WARN_DOCUMENTATION_COMMENTS = YES;
				CLANG_WARN_EMPTY_BODY = YES;
				CLANG_WARN_ENUM_CONVERSION = YES;
				CLANG_WARN_INFINITE_RECURSION = YES;
				CLANG_WARN_INT_CONVERSION = YES;
				CLANG_WARN_NON_LITERAL_NULL_CONVERSION = YES;
				CLANG_WARN_OBJC_IMPLICIT_RETAIN_SELF = YES;
				CLANG_WARN_OBJC_LITERAL_CONVERSION = YES;
				CLANG_WARN_OBJC_ROOT_CLASS = YES_ERROR;
				CLANG_WARN_QUOTED_INCLUDE_IN_FRAMEWORK_HEADER = YES;
				CLANG_WARN_RANGE_LOOP_ANALYSIS = YES;
				CLANG_WARN_STRICT_PROTOTYPES = YES;
				CLANG_WARN_SUSPICIOUS_MOVE = YES;
				CLANG_WARN_UNGUARDED_AVAILABILITY = YES_AGGRESSIVE;
				CLANG_WARN_UNREACHABLE_CODE = YES;
				CLANG_WARN__DUPLICATE_METHOD_MATCH = YES;
				COPY_PHASE_STRIP = NO;
				CURRENT_PROJECT_VERSION = 1;
				DEBUG_INFORMATION_FORMAT = "dwarf-with-dsym";
				ENABLE_NS_ASSERTIONS = NO;
				ENABLE_STRICT_OBJC_MSGSEND = YES;
				GCC_C_LANGUAGE_STANDARD = gnu11;
				GCC_NO_COMMON_BLOCKS = YES;
				GCC_WARN_64_TO_32_BIT_CONVERSION = YES;
				GCC_WARN_ABOUT_RETURN_TYPE = YES_ERROR;
				GCC_WARN_UNDECLARED_SELECTOR = YES;
				GCC_WARN_UNINITIALIZED_AUTOS = YES_AGGRESSIVE;
				GCC_WARN_UNUSED_FUNCTION = YES;
				GCC_WARN_UNUSED_VARIABLE = YES;
				IPHONEOS_DEPLOYMENT_TARGET = 14.5;
				MTL_ENABLE_DEBUG_INFO = NO;
				MTL_FAST_MATH = YES;
				SDKROOT = iphoneos;
				SWIFT_COMPILATION_MODE = wholemodule;
				SWIFT_OPTIMIZATION_LEVEL = "-O";
				VALIDATE_PRODUCT = YES;
				VERSIONING_SYSTEM = "apple-generic";
				VERSION_INFO_PREFIX = "";
			};
			name = Release;
		};
		CF78E79F27484EB200621FA7 /* Debug */ = {
			isa = XCBuildConfiguration;
			buildSettings = {
				CLANG_ENABLE_MODULES = YES;
				CODE_SIGN_STYLE = Automatic;
				DEFINES_MODULE = YES;
				DEVELOPMENT_TEAM = 4FGAJ25MKJ;
				DYLIB_COMPATIBILITY_VERSION = 1;
				DYLIB_CURRENT_VERSION = 1;
				DYLIB_INSTALL_NAME_BASE = "@rpath";
				INFOPLIST_FILE = MakingPod/Info.plist;
				INSTALL_PATH = "$(LOCAL_LIBRARY_DIR)/Frameworks";
				IPHONEOS_DEPLOYMENT_TARGET = 11.0;
				LD_RUNPATH_SEARCH_PATHS = (
					"$(inherited)",
					"@executable_path/Frameworks",
					"@loader_path/Frameworks",
				);
				PRODUCT_BUNDLE_IDENTIFIER = com.br.MakingPod;
				PRODUCT_NAME = "$(TARGET_NAME:c99extidentifier)";
				SKIP_INSTALL = YES;
				SWIFT_OPTIMIZATION_LEVEL = "-Onone";
				SWIFT_VERSION = 5.0;
				TARGETED_DEVICE_FAMILY = "1,2";
			};
			name = Debug;
		};
		CF78E7A027484EB200621FA7 /* Release */ = {
			isa = XCBuildConfiguration;
			buildSettings = {
				CLANG_ENABLE_MODULES = YES;
				CODE_SIGN_STYLE = Automatic;
				DEFINES_MODULE = YES;
				DEVELOPMENT_TEAM = 4FGAJ25MKJ;
				DYLIB_COMPATIBILITY_VERSION = 1;
				DYLIB_CURRENT_VERSION = 1;
				DYLIB_INSTALL_NAME_BASE = "@rpath";
				INFOPLIST_FILE = MakingPod/Info.plist;
				INSTALL_PATH = "$(LOCAL_LIBRARY_DIR)/Frameworks";
				IPHONEOS_DEPLOYMENT_TARGET = 11.0;
				LD_RUNPATH_SEARCH_PATHS = (
					"$(inherited)",
					"@executable_path/Frameworks",
					"@loader_path/Frameworks",
				);
				PRODUCT_BUNDLE_IDENTIFIER = com.br.MakingPod;
				PRODUCT_NAME = "$(TARGET_NAME:c99extidentifier)";
				SKIP_INSTALL = YES;
				SWIFT_VERSION = 5.0;
				TARGETED_DEVICE_FAMILY = "1,2";
			};
			name = Release;
		};
		CF78E7A227484EB200621FA7 /* Debug */ = {
			isa = XCBuildConfiguration;
			buildSettings = {
				ALWAYS_EMBED_SWIFT_STANDARD_LIBRARIES = YES;
				CODE_SIGN_STYLE = Automatic;
				DEVELOPMENT_TEAM = 4FGAJ25MKJ;
				INFOPLIST_FILE = MakingPodTests/Info.plist;
				LD_RUNPATH_SEARCH_PATHS = (
					"$(inherited)",
					"@executable_path/Frameworks",
					"@loader_path/Frameworks",
				);
				PRODUCT_BUNDLE_IDENTIFIER = com.br.MakingPodTests;
				PRODUCT_NAME = "$(TARGET_NAME)";
				SWIFT_VERSION = 5.0;
				TARGETED_DEVICE_FAMILY = "1,2";
			};
			name = Debug;
		};
		CF78E7A327484EB200621FA7 /* Release */ = {
			isa = XCBuildConfiguration;
			buildSettings = {
				ALWAYS_EMBED_SWIFT_STANDARD_LIBRARIES = YES;
				CODE_SIGN_STYLE = Automatic;
				DEVELOPMENT_TEAM = 4FGAJ25MKJ;
				INFOPLIST_FILE = MakingPodTests/Info.plist;
				LD_RUNPATH_SEARCH_PATHS = (
					"$(inherited)",
					"@executable_path/Frameworks",
					"@loader_path/Frameworks",
				);
				PRODUCT_BUNDLE_IDENTIFIER = com.br.MakingPodTests;
				PRODUCT_NAME = "$(TARGET_NAME)";
				SWIFT_VERSION = 5.0;
				TARGETED_DEVICE_FAMILY = "1,2";
			};
			name = Release;
		};
/* End XCBuildConfiguration section */

/* Begin XCConfigurationList section */
		CF78E78427484EB200621FA7 /* Build configuration list for PBXProject "MakingPod" */ = {
			isa = XCConfigurationList;
			buildConfigurations = (
				CF78E79C27484EB200621FA7 /* Debug */,
				CF78E79D27484EB200621FA7 /* Release */,
			);
			defaultConfigurationIsVisible = 0;
			defaultConfigurationName = Release;
		};
		CF78E79E27484EB200621FA7 /* Build configuration list for PBXNativeTarget "MakingPod" */ = {
			isa = XCConfigurationList;
			buildConfigurations = (
				CF78E79F27484EB200621FA7 /* Debug */,
				CF78E7A027484EB200621FA7 /* Release */,
			);
			defaultConfigurationIsVisible = 0;
			defaultConfigurationName = Release;
		};
		CF78E7A127484EB200621FA7 /* Build configuration list for PBXNativeTarget "MakingPodTests" */ = {
			isa = XCConfigurationList;
			buildConfigurations = (
				CF78E7A227484EB200621FA7 /* Debug */,
				CF78E7A327484EB200621FA7 /* Release */,
			);
			defaultConfigurationIsVisible = 0;
			defaultConfigurationName = Release;
		};
/* End XCConfigurationList section */
	};
	rootObject = CF78E78127484EB200621FA7 /* Project object */;
}
